{
  "name": "30-Days-Of-JavaScript",
  "version": "1.0.0",
  "lockfileVersion": 1,
  "requires": true,
  "dependencies": {
    "dateformat": {
      "version": "4.5.0",
      "resolved": "https://registry.npmjs.org/dateformat/-/dateformat-4.5.0.tgz",
      "integrity": "sha512-YkS64mgmj9At0Ua9p3qyqoHqjqkOTV/FGCluRIcrFNbhFmltQGl2x/DFBgpbRRPTNPoyxfzjqgNaGYjMbfnsdg=="
    }
  }
}
